
Microsoft Visual Studio Solution File, Format Version 12.00
# Visual Studio Version 17
VisualStudioVersion = 17.11.35327.3
MinimumVisualStudioVersion = 10.0.40219.1
Project("{FAE04EC0-301F-11D3-BF4B-00C04F79EFBC}") = "Practice", "Practice\Practice.csproj", "{834B8160-0772-42A2-BA5B-484601EFD762}"
EndProject
Project("{FAE04EC0-301F-11D3-BF4B-00C04F79EFBC}") = "Practice.Tests", "Practice.Tests\Practice.Tests.csproj", "{799D039C-784A-40F7-8CE7-60772418CA0A}"
EndProject
Global
	GlobalSection(SolutionConfigurationPlatforms) = preSolution
		Debug|Any CPU = Debug|Any CPU
		Release|Any CPU = Release|Any CPU
	EndGlobalSection
	GlobalSection(ProjectConfigurationPlatforms) = postSolution
		{834B8160-0772-42A2-BA5B-484601EFD762}.Debug|Any CPU.ActiveCfg = Debug|Any CPU
		{834B8160-0772-42A2-BA5B-484601EFD762}.Debug|Any CPU.Build.0 = Debug|Any CPU
		{834B8160-0772-42A2-BA5B-484601EFD762}.Release|Any CPU.ActiveCfg = Release|Any CPU
		{834B8160-0772-42A2-BA5B-484601EFD762}.Release|Any CPU.Build.0 = Release|Any CPU
		{799D039C-784A-40F7-8CE7-60772418CA0A}.Debug|Any CPU.ActiveCfg = Debug|Any CPU
		{799D039C-784A-40F7-8CE7-60772418CA0A}.Debug|Any CPU.Build.0 = Debug|Any CPU
		{799D039C-784A-40F7-8CE7-60772418CA0A}.Release|Any CPU.ActiveCfg = Release|Any CPU
		{799D039C-784A-40F7-8CE7-60772418CA0A}.Release|Any CPU.Build.0 = Release|Any CPU
	EndGlobalSection
	GlobalSection(SolutionProperties) = preSolution
		HideSolutionNode = FALSE
	EndGlobalSection
	GlobalSection(ExtensibilityGlobals) = postSolution
		SolutionGuid = {416ED261-44AB-4E28-ABFF-6A52417BF2F0}
	EndGlobalSection
EndGlobal
